{
  "name": "week04",
  "version": "1.0.0",
  "lockfileVersion": 1,
  "requires": true,
  "dependencies": {
    "images": {
      "version": "3.2.3",
      "resolved": "https://registry.npm.taobao.org/images/download/images-3.2.3.tgz?cache=0&other_urls=https%3A%2F%2Fregistry.npm.taobao.org%2Fimages%2Fdownload%2Fimages-3.2.3.tgz",
      "integrity": "sha1-joZCHfFj2bOmDuTR3HzYIF8tK9c="
    }
  }
}
